
Microsoft Visual Studio Solution File, Format Version 12.00
# Visual Studio Version 16
VisualStudioVersion = 16.0.31702.278
MinimumVisualStudioVersion = 10.0.40219.1
Project("{FAE04EC0-301F-11D3-BF4B-00C04F79EFBC}") = "Lab4", "Lab4.csproj", "{CCA07C49-D876-4468-8672-9FADF2F01145}"
EndProject
Global
	GlobalSection(SolutionConfigurationPlatforms) = preSolution
		Debug|Any CPU = Debug|Any CPU
		Release|Any CPU = Release|Any CPU
	EndGlobalSection
	GlobalSection(ProjectConfigurationPlatforms) = postSolution
		{CCA07C49-D876-4468-8672-9FADF2F01145}.Debug|Any CPU.ActiveCfg = Debug|Any CPU
		{CCA07C49-D876-4468-8672-9FADF2F01145}.Debug|Any CPU.Build.0 = Debug|Any CPU
		{CCA07C49-D876-4468-8672-9FADF2F01145}.Release|Any CPU.ActiveCfg = Release|Any CPU
		{CCA07C49-D876-4468-8672-9FADF2F01145}.Release|Any CPU.Build.0 = Release|Any CPU
	EndGlobalSection
	GlobalSection(SolutionProperties) = preSolution
		HideSolutionNode = FALSE
	EndGlobalSection
	GlobalSection(ExtensibilityGlobals) = postSolution
		SolutionGuid = {2C00A284-9F2A-46A7-975E-9B664E611755}
	EndGlobalSection
EndGlobal
